
Microsoft Visual Studio Solution File, Format Version 12.00
# Visual Studio Version 17
VisualStudioVersion = 17.13.35828.75 d17.13
MinimumVisualStudioVersion = 10.0.40219.1
Project("{888888A0-9F3D-457C-B088-3A5042F75D52}") = "GitHub Repo Data Scraper (Python, C++, JavaScript, 2015–2024)", "GitHub Repo Data Scraper (Python, C++, JavaScript, 2015–2024).pyproj", "{7C209E6D-16D2-4B62-8CC1-D88B0894A9F6}"
EndProject
Global
	GlobalSection(SolutionConfigurationPlatforms) = preSolution
		Debug|Any CPU = Debug|Any CPU
		Release|Any CPU = Release|Any CPU
	EndGlobalSection
	GlobalSection(ProjectConfigurationPlatforms) = postSolution
		{7C209E6D-16D2-4B62-8CC1-D88B0894A9F6}.Debug|Any CPU.ActiveCfg = Debug|Any CPU
		{7C209E6D-16D2-4B62-8CC1-D88B0894A9F6}.Release|Any CPU.ActiveCfg = Release|Any CPU
	EndGlobalSection
	GlobalSection(SolutionProperties) = preSolution
		HideSolutionNode = FALSE
	EndGlobalSection
	GlobalSection(ExtensibilityGlobals) = postSolution
		SolutionGuid = {008653DC-719F-4921-AFF7-26ED72902E30}
	EndGlobalSection
EndGlobal
